
Microsoft Visual Studio Solution File, Format Version 12.00
# Visual Studio Version 17
VisualStudioVersion = 17.14.36518.9 d17.14
MinimumVisualStudioVersion = 10.0.40219.1
Project("{FAE04EC0-301F-11D3-BF4B-00C04F79EFBC}") = "TicTacToeGame", "TicTacToeGame\TicTacToeGame.csproj", "{24291C56-AA0C-4596-ADAE-D0C2C2B811FB}"
EndProject
Global
	GlobalSection(SolutionConfigurationPlatforms) = preSolution
		Debug|Any CPU = Debug|Any CPU
		Release|Any CPU = Release|Any CPU
	EndGlobalSection
	GlobalSection(ProjectConfigurationPlatforms) = postSolution
		{24291C56-AA0C-4596-ADAE-D0C2C2B811FB}.Debug|Any CPU.ActiveCfg = Debug|Any CPU
		{24291C56-AA0C-4596-ADAE-D0C2C2B811FB}.Debug|Any CPU.Build.0 = Debug|Any CPU
		{24291C56-AA0C-4596-ADAE-D0C2C2B811FB}.Release|Any CPU.ActiveCfg = Release|Any CPU
		{24291C56-AA0C-4596-ADAE-D0C2C2B811FB}.Release|Any CPU.Build.0 = Release|Any CPU
	EndGlobalSection
	GlobalSection(SolutionProperties) = preSolution
		HideSolutionNode = FALSE
	EndGlobalSection
	GlobalSection(ExtensibilityGlobals) = postSolution
		SolutionGuid = {CAED29D6-6643-4BF8-B016-E8CBBBF626E2}
	EndGlobalSection
EndGlobal
